
Microsoft Visual Studio Solution File, Format Version 12.00
# Visual Studio Version 16
VisualStudioVersion = 16.0.30320.27
MinimumVisualStudioVersion = 10.0.40219.1
Project("{9A19103F-16F7-4668-BE54-9A1E7A4F7556}") = "Gcp.SecretManager.Provider", "Gcp.SecretManager.Provider\Gcp.SecretManager.Provider.csproj", "{2625A668-4B00-46FD-9B1B-30AB5F11972E}"
EndProject
Project("{9A19103F-16F7-4668-BE54-9A1E7A4F7556}") = "Gcp.SecretManager.Provider.Tests", "Gcp.SecretManager.Provider.Tests\Gcp.SecretManager.Provider.Tests.csproj", "{629C4AD9-53A6-47AC-BC6A-E199EB206347}"
EndProject
Global
	GlobalSection(SolutionConfigurationPlatforms) = preSolution
		Debug|Any CPU = Debug|Any CPU
		Release|Any CPU = Release|Any CPU
	EndGlobalSection
	GlobalSection(ProjectConfigurationPlatforms) = postSolution
		{2625A668-4B00-46FD-9B1B-30AB5F11972E}.Debug|Any CPU.ActiveCfg = Debug|Any CPU
		{2625A668-4B00-46FD-9B1B-30AB5F11972E}.Debug|Any CPU.Build.0 = Debug|Any CPU
		{2625A668-4B00-46FD-9B1B-30AB5F11972E}.Release|Any CPU.ActiveCfg = Release|Any CPU
		{2625A668-4B00-46FD-9B1B-30AB5F11972E}.Release|Any CPU.Build.0 = Release|Any CPU
		{629C4AD9-53A6-47AC-BC6A-E199EB206347}.Debug|Any CPU.ActiveCfg = Debug|Any CPU
		{629C4AD9-53A6-47AC-BC6A-E199EB206347}.Debug|Any CPU.Build.0 = Debug|Any CPU
		{629C4AD9-53A6-47AC-BC6A-E199EB206347}.Release|Any CPU.ActiveCfg = Release|Any CPU
		{629C4AD9-53A6-47AC-BC6A-E199EB206347}.Release|Any CPU.Build.0 = Release|Any CPU
	EndGlobalSection
	GlobalSection(SolutionProperties) = preSolution
		HideSolutionNode = FALSE
	EndGlobalSection
	GlobalSection(ExtensibilityGlobals) = postSolution
		SolutionGuid = {A9C227AB-0F83-475D-BF31-861F2352DBE0}
	EndGlobalSection
EndGlobal
